
Microsoft Visual Studio Solution File, Format Version 12.00
# Visual Studio Version 16
VisualStudioVersion = 16.0.31911.196
MinimumVisualStudioVersion = 10.0.40219.1
Project("{FAE04EC0-301F-11D3-BF4B-00C04F79EFBC}") = "FitnessClub .NET", "FitnessClub .NET.csproj", "{1265C792-DDE7-475F-BA2B-ADDDF383FB8F}"
EndProject
Project("{FAE04EC0-301F-11D3-BF4B-00C04F79EFBC}") = "FitnessClubLibrary", "..\FitnessClubLibrary\FitnessClubLibrary.csproj", "{96A98473-E330-4B95-9225-27F9E11E4F36}"
EndProject
Global
	GlobalSection(SolutionConfigurationPlatforms) = preSolution
		Debug|Any CPU = Debug|Any CPU
		Release|Any CPU = Release|Any CPU
	EndGlobalSection
	GlobalSection(ProjectConfigurationPlatforms) = postSolution
		{1265C792-DDE7-475F-BA2B-ADDDF383FB8F}.Debug|Any CPU.ActiveCfg = Debug|Any CPU
		{1265C792-DDE7-475F-BA2B-ADDDF383FB8F}.Debug|Any CPU.Build.0 = Debug|Any CPU
		{1265C792-DDE7-475F-BA2B-ADDDF383FB8F}.Release|Any CPU.ActiveCfg = Release|Any CPU
		{1265C792-DDE7-475F-BA2B-ADDDF383FB8F}.Release|Any CPU.Build.0 = Release|Any CPU
		{96A98473-E330-4B95-9225-27F9E11E4F36}.Debug|Any CPU.ActiveCfg = Debug|Any CPU
		{96A98473-E330-4B95-9225-27F9E11E4F36}.Debug|Any CPU.Build.0 = Debug|Any CPU
		{96A98473-E330-4B95-9225-27F9E11E4F36}.Release|Any CPU.ActiveCfg = Release|Any CPU
		{96A98473-E330-4B95-9225-27F9E11E4F36}.Release|Any CPU.Build.0 = Release|Any CPU
	EndGlobalSection
	GlobalSection(SolutionProperties) = preSolution
		HideSolutionNode = FALSE
	EndGlobalSection
	GlobalSection(ExtensibilityGlobals) = postSolution
		SolutionGuid = {2414C2E1-68C7-4048-8AEF-1D7C94CEA041}
	EndGlobalSection
EndGlobal
